// !$*UTF8*$!
{
	archiveVersion = 1;
	classes = {
	};
	objectVersion = 77;
	objects = {

/* Begin PBXContainerItemProxy section */
		7AE93C812D174D8700D0EC49 /* PBXContainerItemProxy */ = {
			isa = PBXContainerItemProxy;
			containerPortal = 7AE93C682D174D8600D0EC49 /* Project object */;
			proxyType = 1;
			remoteGlobalIDString = 7AE93C6F2D174D8600D0EC49;
			remoteInfo = "test-app-3";
		};
		7AE93C8B2D174D8700D0EC49 /* PBXContainerItemProxy */ = {
			isa = PBXContainerItemProxy;
			containerPortal = 7AE93C682D174D8600D0EC49 /* Project object */;
			proxyType = 1;
			remoteGlobalIDString = 7AE93C6F2D174D8600D0EC49;
			remoteInfo = "test-app-3";
		};
/* End PBXContainerItemProxy section */

/* Begin PBXFileReference section */
		7AE93C702D174D8600D0EC49 /* test-app-3.app */ = {isa = PBXFileReference; explicitFileType = wrapper.application; includeInIndex = 0; path = "test-app-3.app"; sourceTree = BUILT_PRODUCTS_DIR; };
		7AE93C802D174D8700D0EC49 /* test-app-3Tests.xctest */ = {isa = PBXFileReference; explicitFileType = wrapper.cfbundle; includeInIndex = 0; path = "test-app-3Tests.xctest"; sourceTree = BUILT_PRODUCTS_DIR; };
		7AE93C8A2D174D8700D0EC49 /* test-app-3UITests.xctest */ = {isa = PBXFileReference; explicitFileType = wrapper.cfbundle; includeInIndex = 0; path = "test-app-3UITests.xctest"; sourceTree = BUILT_PRODUCTS_DIR; };
/* End PBXFileReference section */

/* Begin PBXFileSystemSynchronizedRootGroup section */
		7AE93C722D174D8600D0EC49 /* test-app-3 */ = {
			isa = PBXFileSystemSynchronizedRootGroup;
			path = "test-app-3";
			sourceTree = "<group>";
		};
		7AE93C832D174D8700D0EC49 /* test-app-3Tests */ = {
			isa = PBXFileSystemSynchronizedRootGroup;
			path = "test-app-3Tests";
			sourceTree = "<group>";
		};
		7AE93C8D2D174D8700D0EC49 /* test-app-3UITests */ = {
			isa = PBXFileSystemSynchronizedRootGroup;
			path = "test-app-3UITests";
			sourceTree = "<group>";
		};
/* End PBXFileSystemSynchronizedRootGroup section */

/* Begin PBXFrameworksBuildPhase section */
		7AE93C6D2D174D8600D0EC49 /* Frameworks */ = {
			isa = PBXFrameworksBuildPhase;
			buildActionMask = 2147483647;
			files = (
			);
			runOnlyForDeploymentPostprocessing = 0;
		};
		7AE93C7D2D174D8700D0EC49 /* Frameworks */ = {
			isa = PBXFrameworksBuildPhase;
			buildActionMask = 2147483647;
			files = (
			);
			runOnlyForDeploymentPostprocessing = 0;
		};
		7AE93C872D174D8700D0EC49 /* Frameworks */ = {
			isa = PBXFrameworksBuildPhase;
			buildActionMask = 2147483647;
			files = (
			);
			runOnlyForDeploymentPostprocessing = 0;
		};
/* End PBXFrameworksBuildPhase section */

/* Begin PBXGroup section */
		7AE93C672D174D8600D0EC49 = {
			isa = PBXGroup;
			children = (
				7AE93C722D174D8600D0EC49 /* test-app-3 */,
				7AE93C832D174D8700D0EC49 /* test-app-3Tests */,
				7AE93C8D2D174D8700D0EC49 /* test-app-3UITests */,
				7AE93C712D174D8600D0EC49 /* Products */,
			);
			sourceTree = "<group>";
		};
		7AE93C712D174D8600D0EC49 /* Products */ = {
			isa = PBXGroup;
			children = (
				7AE93C702D174D8600D0EC49 /* test-app-3.app */,
				7AE93C802D174D8700D0EC49 /* test-app-3Tests.xctest */,
				7AE93C8A2D174D8700D0EC49 /* test-app-3UITests.xctest */,
			);
			name = Products;
			sourceTree = "<group>";
		};
/* End PBXGroup section */

/* Begin PBXNativeTarget section */
		7AE93C6F2D174D8600D0EC49 /* test-app-3 */ = {
			isa = PBXNativeTarget;
			buildConfigurationList = 7AE93C942D174D8700D0EC49 /* Build configuration list for PBXNativeTarget "test-app-3" */;
			buildPhases = (
				7AE93C6C2D174D8600D0EC49 /* Sources */,
				7AE93C6D2D174D8600D0EC49 /* Frameworks */,
				7AE93C6E2D174D8600D0EC49 /* Resources */,
			);
			buildRules = (
			);
			dependencies = (
			);
			fileSystemSynchronizedGroups = (
				7AE93C722D174D8600D0EC49 /* test-app-3 */,
			);
			name = "test-app-3";
			packageProductDependencies = (
			);
			productName = "test-app-3";
			productReference = 7AE93C702D174D8600D0EC49 /* test-app-3.app */;
			productType = "com.apple.product-type.application";
		};
		7AE93C7F2D174D8700D0EC49 /* test-app-3Tests */ = {
			isa = PBXNativeTarget;
			buildConfigurationList = 7AE93C972D174D8700D0EC49 /* Build configuration list for PBXNativeTarget "test-app-3Tests" */;
			buildPhases = (
				7AE93C7C2D174D8700D0EC49 /* Sources */,
				7AE93C7D2D174D8700D0EC49 /* Frameworks */,
				7AE93C7E2D174D8700D0EC49 /* Resources */,
			);
			buildRules = (
			);
			dependencies = (
				7AE93C822D174D8700D0EC49 /* PBXTargetDependency */,
			);
			fileSystemSynchronizedGroups = (
				7AE93C832D174D8700D0EC49 /* test-app-3Tests */,
			);
			name = "test-app-3Tests";
			packageProductDependencies = (
			);
			productName = "test-app-3Tests";
			productReference = 7AE93C802D174D8700D0EC49 /* test-app-3Tests.xctest */;
			productType = "com.apple.product-type.bundle.unit-test";
		};
		7AE93C892D174D8700D0EC49 /* test-app-3UITests */ = {
			isa = PBXNativeTarget;
			buildConfigurationList = 7AE93C9A2D174D8700D0EC49 /* Build configuration list for PBXNativeTarget "test-app-3UITests" */;
			buildPhases = (
				7AE93C862D174D8700D0EC49 /* Sources */,
				7AE93C872D174D8700D0EC49 /* Frameworks */,
				7AE93C882D174D8700D0EC49 /* Resources */,
			);
			buildRules = (
			);
			dependencies = (
				7AE93C8C2D174D8700D0EC49 /* PBXTargetDependency */,
			);
			fileSystemSynchronizedGroups = (
				7AE93C8D2D174D8700D0EC49 /* test-app-3UITests */,
			);
			name = "test-app-3UITests";
			packageProductDependencies = (
			);
			productName = "test-app-3UITests";
			productReference = 7AE93C8A2D174D8700D0EC49 /* test-app-3UITests.xctest */;
			productType = "com.apple.product-type.bundle.ui-testing";
		};
/* End PBXNativeTarget section */

/* Begin PBXProject section */
		7AE93C682D174D8600D0EC49 /* Project object */ = {
			isa = PBXProject;
			attributes = {
				BuildIndependentTargetsInParallel = 1;
				LastSwiftUpdateCheck = 1620;
				LastUpgradeCheck = 1620;
				TargetAttributes = {
					7AE93C6F2D174D8600D0EC49 = {
						CreatedOnToolsVersion = 16.2;
					};
					7AE93C7F2D174D8700D0EC49 = {
						CreatedOnToolsVersion = 16.2;
						TestTargetID = 7AE93C6F2D174D8600D0EC49;
					};
					7AE93C892D174D8700D0EC49 = {
						CreatedOnToolsVersion = 16.2;
						TestTargetID = 7AE93C6F2D174D8600D0EC49;
					};
				};
			};
			buildConfigurationList = 7AE93C6B2D174D8600D0EC49 /* Build configuration list for PBXProject "test-app-3" */;
			developmentRegion = en;
			hasScannedForEncodings = 0;
			knownRegions = (
				en,
				Base,
			);
			mainGroup = 7AE93C672D174D8600D0EC49;
			minimizedProjectReferenceProxies = 1;
			preferredProjectObjectVersion = 77;
			productRefGroup = 7AE93C712D174D8600D0EC49 /* Products */;
			projectDirPath = "";
			projectRoot = "";
			targets = (
				7AE93C6F2D174D8600D0EC49 /* test-app-3 */,
				7AE93C7F2D174D8700D0EC49 /* test-app-3Tests */,
				7AE93C892D174D8700D0EC49 /* test-app-3UITests */,
			);
		};
/* End PBXProject section */

/* Begin PBXResourcesBuildPhase section */
		7AE93C6E2D174D8600D0EC49 /* Resources */ = {
			isa = PBXResourcesBuildPhase;
			buildActionMask = 2147483647;
			files = (
			);
			runOnlyForDeploymentPostprocessing = 0;
		};
		7AE93C7E2D174D8700D0EC49 /* Resources */ = {
			isa = PBXResourcesBuildPhase;
			buildActionMask = 2147483647;
			files = (
			);
			runOnlyForDeploymentPostprocessing = 0;
		};
		7AE93C882D174D8700D0EC49 /* Resources */ = {
			isa = PBXResourcesBuildPhase;
			buildActionMask = 2147483647;
			files = (
			);
			runOnlyForDeploymentPostprocessing = 0;
		};
/* End PBXResourcesBuildPhase section */

/* Begin PBXSourcesBuildPhase section */
		7AE93C6C2D174D8600D0EC49 /* Sources */ = {
			isa = PBXSourcesBuildPhase;
			buildActionMask = 2147483647;
			files = (
			);
			runOnlyForDeploymentPostprocessing = 0;
		};
		7AE93C7C2D174D8700D0EC49 /* Sources */ = {
			isa = PBXSourcesBuildPhase;
			buildActionMask = 2147483647;
			files = (
			);
			runOnlyForDeploymentPostprocessing = 0;
		};
		7AE93C862D174D8700D0EC49 /* Sources */ = {
			isa = PBXSourcesBuildPhase;
			buildActionMask = 2147483647;
			files = (
			);
			runOnlyForDeploymentPostprocessing = 0;
		};
/* End PBXSourcesBuildPhase section */

/* Begin PBXTargetDependency section */
		7AE93C822D174D8700D0EC49 /* PBXTargetDependency */ = {
			isa = PBXTargetDependency;
			target = 7AE93C6F2D174D8600D0EC49 /* test-app-3 */;
			targetProxy = 7AE93C812D174D8700D0EC49 /* PBXContainerItemProxy */;
		};
		7AE93C8C2D174D8700D0EC49 /* PBXTargetDependency */ = {
			isa = PBXTargetDependency;
			target = 7AE93C6F2D174D8600D0EC49 /* test-app-3 */;
			targetProxy = 7AE93C8B2D174D8700D0EC49 /* PBXContainerItemProxy */;
		};
/* End PBXTargetDependency section */

/* Begin XCBuildConfiguration section */
		7AE93C922D174D8700D0EC49 /* Debug */ = {
			isa = XCBuildConfiguration;
			buildSettings = {
				ALWAYS_SEARCH_USER_PATHS = NO;
				ASSETCATALOG_COMPILER_GENERATE_SWIFT_ASSET_SYMBOL_EXTENSIONS = YES;
				CLANG_ANALYZER_NONNULL = YES;
				CLANG_ANALYZER_NUMBER_OBJECT_CONVERSION = YES_AGGRESSIVE;
				CLANG_CXX_LANGUAGE_STANDARD = "gnu++20";
				CLANG_ENABLE_MODULES = YES;
				CLANG_ENABLE_OBJC_ARC = YES;
				CLANG_ENABLE_OBJC_WEAK = YES;
				CLANG_WARN_BLOCK_CAPTURE_AUTORELEASING = YES;
				CLANG_WARN_BOOL_CONVERSION = YES;
				CLANG_WARN_COMMA = YES;
				CLANG_WARN_CONSTANT_CONVERSION = YES;
				CLANG_WARN_DEPRECATED_OBJC_IMPLEMENTATIONS = YES;
				CLANG_WARN_DIRECT_OBJC_ISA_USAGE = YES_ERROR;
				CLANG_WARN_DOCUMENTATION_COMMENTS = YES;
				CLANG_WARN_EMPTY_BODY = YES;
				CLANG_WARN_ENUM_CONVERSION = YES;
				CLANG_WARN_INFINITE_RECURSION = YES;
				CLANG_WARN_INT_CONVERSION = YES;
				CLANG_WARN_NON_LITERAL_NULL_CONVERSION = YES;
				CLANG_WARN_OBJC_IMPLICIT_RETAIN_SELF = YES;
				CLANG_WARN_OBJC_LITERAL_CONVERSION = YES;
				CLANG_WARN_OBJC_ROOT_CLASS = YES_ERROR;
				CLANG_WARN_QUOTED_INCLUDE_IN_FRAMEWORK_HEADER = YES;
				CLANG_WARN_RANGE_LOOP_ANALYSIS = YES;
				CLANG_WARN_STRICT_PROTOTYPES = YES;
				CLANG_WARN_SUSPICIOUS_MOVE = YES;
				CLANG_WARN_UNGUARDED_AVAILABILITY = YES_AGGRESSIVE;
				CLANG_WARN_UNREACHABLE_CODE = YES;
				CLANG_WARN__DUPLICATE_METHOD_MATCH = YES;
				COPY_PHASE_STRIP = NO;
				DEBUG_INFORMATION_FORMAT = dwarf;
				ENABLE_STRICT_OBJC_MSGSEND = YES;
				ENABLE_TESTABILITY = YES;
				ENABLE_USER_SCRIPT_SANDBOXING = YES;
				GCC_C_LANGUAGE_STANDARD = gnu17;
				GCC_DYNAMIC_NO_PIC = NO;
				GCC_NO_COMMON_BLOCKS = YES;
				GCC_OPTIMIZATION_LEVEL = 0;
				GCC_PREPROCESSOR_DEFINITIONS = (
					"DEBUG=1",
					"$(inherited)",
				);
				GCC_WARN_64_TO_32_BIT_CONVERSION = YES;
				GCC_WARN_ABOUT_RETURN_TYPE = YES_ERROR;
				GCC_WARN_UNDECLARED_SELECTOR = YES;
				GCC_WARN_UNINITIALIZED_AUTOS = YES_AGGRESSIVE;
				GCC_WARN_UNUSED_FUNCTION = YES;
				GCC_WARN_UNUSED_VARIABLE = YES;
				IPHONEOS_DEPLOYMENT_TARGET = 18.2;
				LOCALIZATION_PREFERS_STRING_CATALOGS = YES;
				MTL_ENABLE_DEBUG_INFO = INCLUDE_SOURCE;
				MTL_FAST_MATH = YES;
				ONLY_ACTIVE_ARCH = YES;
				SDKROOT = iphoneos;
				SWIFT_ACTIVE_COMPILATION_CONDITIONS = "DEBUG $(inherited)";
				SWIFT_OPTIMIZATION_LEVEL = "-Onone";
			};
			name = Debug;
		};
		7AE93C932D174D8700D0EC49 /* Release */ = {
			isa = XCBuildConfiguration;
			buildSettings = {
				ALWAYS_SEARCH_USER_PATHS = NO;
				ASSETCATALOG_COMPILER_GENERATE_SWIFT_ASSET_SYMBOL_EXTENSIONS = YES;
				CLANG_ANALYZER_NONNULL = YES;
				CLANG_ANALYZER_NUMBER_OBJECT_CONVERSION = YES_AGGRESSIVE;
				CLANG_CXX_LANGUAGE_STANDARD = "gnu++20";
				CLANG_ENABLE_MODULES = YES;
				CLANG_ENABLE_OBJC_ARC = YES;
				CLANG_ENABLE_OBJC_WEAK = YES;
				CLANG_WARN_BLOCK_CAPTURE_AUTORELEASING = YES;
				CLANG_WARN_BOOL_CONVERSION = YES;
				CLANG_WARN_COMMA = YES;
				CLANG_WARN_CONSTANT_CONVERSION = YES;
				CLANG_WARN_DEPRECATED_OBJC_IMPLEMENTATIONS = YES;
				CLANG_WARN_DIRECT_OBJC_ISA_USAGE = YES_ERROR;
				CLANG_WARN_DOCUMENTATION_COMMENTS = YES;
				CLANG_WARN_EMPTY_BODY = YES;
				CLANG_WARN_ENUM_CONVERSION = YES;
				CLANG_WARN_INFINITE_RECURSION = YES;
				CLANG_WARN_INT_CONVERSION = YES;
				CLANG_WARN_NON_LITERAL_NULL_CONVERSION = YES;
				CLANG_WARN_OBJC_IMPLICIT_RETAIN_SELF = YES;
				CLANG_WARN_OBJC_LITERAL_CONVERSION = YES;
				CLANG_WARN_OBJC_ROOT_CLASS = YES_ERROR;
				CLANG_WARN_QUOTED_INCLUDE_IN_FRAMEWORK_HEADER = YES;
				CLANG_WARN_RANGE_LOOP_ANALYSIS = YES;
				CLANG_WARN_STRICT_PROTOTYPES = YES;
				CLANG_WARN_SUSPICIOUS_MOVE = YES;
				CLANG_WARN_UNGUARDED_AVAILABILITY = YES_AGGRESSIVE;
				CLANG_WARN_UNREACHABLE_CODE = YES;
				CLANG_WARN__DUPLICATE_METHOD_MATCH = YES;
				COPY_PHASE_STRIP = NO;
				DEBUG_INFORMATION_FORMAT = "dwarf-with-dsym";
				ENABLE_NS_ASSERTIONS = NO;
				ENABLE_STRICT_OBJC_MSGSEND = YES;
				ENABLE_USER_SCRIPT_SANDBOXING = YES;
				GCC_C_LANGUAGE_STANDARD = gnu17;
				GCC_NO_COMMON_BLOCKS = YES;
				GCC_WARN_64_TO_32_BIT_CONVERSION = YES;
				GCC_WARN_ABOUT_RETURN_TYPE = YES_ERROR;
				GCC_WARN_UNDECLARED_SELECTOR = YES;
				GCC_WARN_UNINITIALIZED_AUTOS = YES_AGGRESSIVE;
				GCC_WARN_UNUSED_FUNCTION = YES;
				GCC_WARN_UNUSED_VARIABLE = YES;
				IPHONEOS_DEPLOYMENT_TARGET = 18.2;
				LOCALIZATION_PREFERS_STRING_CATALOGS = YES;
				MTL_ENABLE_DEBUG_INFO = NO;
				MTL_FAST_MATH = YES;
				SDKROOT = iphoneos;
				SWIFT_COMPILATION_MODE = wholemodule;
				VALIDATE_PRODUCT = YES;
			};
			name = Release;
		};
		7AE93C952D174D8700D0EC49 /* Debug */ = {
			isa = XCBuildConfiguration;
			buildSettings = {
				ASSETCATALOG_COMPILER_APPICON_NAME = AppIcon;
				ASSETCATALOG_COMPILER_GLOBAL_ACCENT_COLOR_NAME = AccentColor;
				CODE_SIGN_STYLE = Automatic;
				CURRENT_PROJECT_VERSION = 1;
				DEVELOPMENT_ASSET_PATHS = "\"test-app-3/Preview Content\"";
				ENABLE_PREVIEWS = YES;
				GENERATE_INFOPLIST_FILE = YES;
				INFOPLIST_KEY_UIApplicationSceneManifest_Generation = YES;
				INFOPLIST_KEY_UIApplicationSupportsIndirectInputEvents = YES;
				INFOPLIST_KEY_UILaunchScreen_Generation = YES;
				INFOPLIST_KEY_UISupportedInterfaceOrientations_iPad = "UIInterfaceOrientationPortrait UIInterfaceOrientationPortraitUpsideDown UIInterfaceOrientationLandscapeLeft UIInterfaceOrientationLandscapeRight";
				INFOPLIST_KEY_UISupportedInterfaceOrientations_iPhone = "UIInterfaceOrientationPortrait UIInterfaceOrientationLandscapeLeft UIInterfaceOrientationLandscapeRight";
				LD_RUNPATH_SEARCH_PATHS = (
					"$(inherited)",
					"@executable_path/Frameworks",
				);
				MARKETING_VERSION = 1.0;
				PRODUCT_BUNDLE_IDENTIFIER = "jeknavorian.test-app-3";
				PRODUCT_NAME = "$(TARGET_NAME)";
				SWIFT_EMIT_LOC_STRINGS = YES;
				SWIFT_VERSION = 5.0;
				TARGETED_DEVICE_FAMILY = "1,2";
			};
			name = Debug;
		};
		7AE93C962D174D8700D0EC49 /* Release */ = {
			isa = XCBuildConfiguration;
			buildSettings = {
				ASSETCATALOG_COMPILER_APPICON_NAME = AppIcon;
				ASSETCATALOG_COMPILER_GLOBAL_ACCENT_COLOR_NAME = AccentColor;
				CODE_SIGN_STYLE = Automatic;
				CURRENT_PROJECT_VERSION = 1;
				DEVELOPMENT_ASSET_PATHS = "\"test-app-3/Preview Content\"";
				ENABLE_PREVIEWS = YES;
				GENERATE_INFOPLIST_FILE = YES;
				INFOPLIST_KEY_UIApplicationSceneManifest_Generation = YES;
				INFOPLIST_KEY_UIApplicationSupportsIndirectInputEvents = YES;
				INFOPLIST_KEY_UILaunchScreen_Generation = YES;
				INFOPLIST_KEY_UISupportedInterfaceOrientations_iPad = "UIInterfaceOrientationPortrait UIInterfaceOrientationPortraitUpsideDown UIInterfaceOrientationLandscapeLeft UIInterfaceOrientationLandscapeRight";
				INFOPLIST_KEY_UISupportedInterfaceOrientations_iPhone = "UIInterfaceOrientationPortrait UIInterfaceOrientationLandscapeLeft UIInterfaceOrientationLandscapeRight";
				LD_RUNPATH_SEARCH_PATHS = (
					"$(inherited)",
					"@executable_path/Frameworks",
				);
				MARKETING_VERSION = 1.0;
				PRODUCT_BUNDLE_IDENTIFIER = "jeknavorian.test-app-3";
				PRODUCT_NAME = "$(TARGET_NAME)";
				SWIFT_EMIT_LOC_STRINGS = YES;
				SWIFT_VERSION = 5.0;
				TARGETED_DEVICE_FAMILY = "1,2";
			};
			name = Release;
		};
		7AE93C982D174D8700D0EC49 /* Debug */ = {
			isa = XCBuildConfiguration;
			buildSettings = {
				BUNDLE_LOADER = "$(TEST_HOST)";
				CODE_SIGN_STYLE = Automatic;
				CURRENT_PROJECT_VERSION = 1;
				GENERATE_INFOPLIST_FILE = YES;
				IPHONEOS_DEPLOYMENT_TARGET = 18.2;
				MARKETING_VERSION = 1.0;
				PRODUCT_BUNDLE_IDENTIFIER = "jeknavorian.test-app-3Tests";
				PRODUCT_NAME = "$(TARGET_NAME)";
				SWIFT_EMIT_LOC_STRINGS = NO;
				SWIFT_VERSION = 5.0;
				TARGETED_DEVICE_FAMILY = "1,2";
				TEST_HOST = "$(BUILT_PRODUCTS_DIR)/test-app-3.app/$(BUNDLE_EXECUTABLE_FOLDER_PATH)/test-app-3";
			};
			name = Debug;
		};
		7AE93C992D174D8700D0EC49 /* Release */ = {
			isa = XCBuildConfiguration;
			buildSettings = {
				BUNDLE_LOADER = "$(TEST_HOST)";
				CODE_SIGN_STYLE = Automatic;
				CURRENT_PROJECT_VERSION = 1;
				GENERATE_INFOPLIST_FILE = YES;
				IPHONEOS_DEPLOYMENT_TARGET = 18.2;
				MARKETING_VERSION = 1.0;
				PRODUCT_BUNDLE_IDENTIFIER = "jeknavorian.test-app-3Tests";
				PRODUCT_NAME = "$(TARGET_NAME)";
				SWIFT_EMIT_LOC_STRINGS = NO;
				SWIFT_VERSION = 5.0;
				TARGETED_DEVICE_FAMILY = "1,2";
				TEST_HOST = "$(BUILT_PRODUCTS_DIR)/test-app-3.app/$(BUNDLE_EXECUTABLE_FOLDER_PATH)/test-app-3";
			};
			name = Release;
		};
		7AE93C9B2D174D8700D0EC49 /* Debug */ = {
			isa = XCBuildConfiguration;
			buildSettings = {
				CODE_SIGN_STYLE = Automatic;
				CURRENT_PROJECT_VERSION = 1;
				GENERATE_INFOPLIST_FILE = YES;
				MARKETING_VERSION = 1.0;
				PRODUCT_BUNDLE_IDENTIFIER = "jeknavorian.test-app-3UITests";
				PRODUCT_NAME = "$(TARGET_NAME)";
				SWIFT_EMIT_LOC_STRINGS = NO;
				SWIFT_VERSION = 5.0;
				TARGETED_DEVICE_FAMILY = "1,2";
				TEST_TARGET_NAME = "test-app-3";
			};
			name = Debug;
		};
		7AE93C9C2D174D8700D0EC49 /* Release */ = {
			isa = XCBuildConfiguration;
			buildSettings = {
				CODE_SIGN_STYLE = Automatic;
				CURRENT_PROJECT_VERSION = 1;
				GENERATE_INFOPLIST_FILE = YES;
				MARKETING_VERSION = 1.0;
				PRODUCT_BUNDLE_IDENTIFIER = "jeknavorian.test-app-3UITests";
				PRODUCT_NAME = "$(TARGET_NAME)";
				SWIFT_EMIT_LOC_STRINGS = NO;
				SWIFT_VERSION = 5.0;
				TARGETED_DEVICE_FAMILY = "1,2";
				TEST_TARGET_NAME = "test-app-3";
			};
			name = Release;
		};
/* End XCBuildConfiguration section */

/* Begin XCConfigurationList section */
		7AE93C6B2D174D8600D0EC49 /* Build configuration list for PBXProject "test-app-3" */ = {
			isa = XCConfigurationList;
			buildConfigurations = (
				7AE93C922D174D8700D0EC49 /* Debug */,
				7AE93C932D174D8700D0EC49 /* Release */,
			);
			defaultConfigurationIsVisible = 0;
			defaultConfigurationName = Release;
		};
		7AE93C942D174D8700D0EC49 /* Build configuration list for PBXNativeTarget "test-app-3" */ = {
			isa = XCConfigurationList;
			buildConfigurations = (
				7AE93C952D174D8700D0EC49 /* Debug */,
				7AE93C962D174D8700D0EC49 /* Release */,
			);
			defaultConfigurationIsVisible = 0;
			defaultConfigurationName = Release;
		};
		7AE93C972D174D8700D0EC49 /* Build configuration list for PBXNativeTarget "test-app-3Tests" */ = {
			isa = XCConfigurationList;
			buildConfigurations = (
				7AE93C982D174D8700D0EC49 /* Debug */,
				7AE93C992D174D8700D0EC49 /* Release */,
			);
			defaultConfigurationIsVisible = 0;
			defaultConfigurationName = Release;
		};
		7AE93C9A2D174D8700D0EC49 /* Build configuration list for PBXNativeTarget "test-app-3UITests" */ = {
			isa = XCConfigurationList;
			buildConfigurations = (
				7AE93C9B2D174D8700D0EC49 /* Debug */,
				7AE93C9C2D174D8700D0EC49 /* Release */,
			);
			defaultConfigurationIsVisible = 0;
			defaultConfigurationName = Release;
		};
/* End XCConfigurationList section */
	};
	rootObject = 7AE93C682D174D8600D0EC49 /* Project object */;
}
